
Microsoft Visual Studio Solution File, Format Version 12.00
# Visual Studio Version 17
VisualStudioVersion = 17.10.35201.131
MinimumVisualStudioVersion = 10.0.40219.1
Project("{9A19103F-16F7-4668-BE54-9A1E7A4F7556}") = "DiscordBotAPI", "DiscordBotAPI\DiscordBotAPI.csproj", "{08AC5D56-80F7-4FC8-AA95-E9D661459456}"
EndProject
Project("{FAE04EC0-301F-11D3-BF4B-00C04F79EFBC}") = "DiscordBot.AppHost", "DiscordBot.AppHost\DiscordBot.AppHost.csproj", "{5CD22496-AF65-48AA-9EE2-258989F6504A}"
EndProject
Project("{9A19103F-16F7-4668-BE54-9A1E7A4F7556}") = "DiscordBot.ServiceDefaults", "DiscordBot.ServiceDefaults\DiscordBot.ServiceDefaults.csproj", "{CD24DFF6-8304-4631-8807-D7E5E0415857}"
EndProject
Project("{9A19103F-16F7-4668-BE54-9A1E7A4F7556}") = "DiscordBotMotor", "DiscordBotMotor\DiscordBotMotor.csproj", "{54E74E41-B7BE-4DB5-83E0-BE0FDB909BDE}"
EndProject
Global
	GlobalSection(SolutionConfigurationPlatforms) = preSolution
		Debug|Any CPU = Debug|Any CPU
		Release|Any CPU = Release|Any CPU
	EndGlobalSection
	GlobalSection(ProjectConfigurationPlatforms) = postSolution
		{08AC5D56-80F7-4FC8-AA95-E9D661459456}.Debug|Any CPU.ActiveCfg = Debug|Any CPU
		{08AC5D56-80F7-4FC8-AA95-E9D661459456}.Debug|Any CPU.Build.0 = Debug|Any CPU
		{08AC5D56-80F7-4FC8-AA95-E9D661459456}.Release|Any CPU.ActiveCfg = Release|Any CPU
		{08AC5D56-80F7-4FC8-AA95-E9D661459456}.Release|Any CPU.Build.0 = Release|Any CPU
		{5CD22496-AF65-48AA-9EE2-258989F6504A}.Debug|Any CPU.ActiveCfg = Debug|Any CPU
		{5CD22496-AF65-48AA-9EE2-258989F6504A}.Debug|Any CPU.Build.0 = Debug|Any CPU
		{5CD22496-AF65-48AA-9EE2-258989F6504A}.Release|Any CPU.ActiveCfg = Release|Any CPU
		{5CD22496-AF65-48AA-9EE2-258989F6504A}.Release|Any CPU.Build.0 = Release|Any CPU
		{CD24DFF6-8304-4631-8807-D7E5E0415857}.Debug|Any CPU.ActiveCfg = Debug|Any CPU
		{CD24DFF6-8304-4631-8807-D7E5E0415857}.Debug|Any CPU.Build.0 = Debug|Any CPU
		{CD24DFF6-8304-4631-8807-D7E5E0415857}.Release|Any CPU.ActiveCfg = Release|Any CPU
		{CD24DFF6-8304-4631-8807-D7E5E0415857}.Release|Any CPU.Build.0 = Release|Any CPU
		{54E74E41-B7BE-4DB5-83E0-BE0FDB909BDE}.Debug|Any CPU.ActiveCfg = Debug|Any CPU
		{54E74E41-B7BE-4DB5-83E0-BE0FDB909BDE}.Debug|Any CPU.Build.0 = Debug|Any CPU
		{54E74E41-B7BE-4DB5-83E0-BE0FDB909BDE}.Release|Any CPU.ActiveCfg = Release|Any CPU
		{54E74E41-B7BE-4DB5-83E0-BE0FDB909BDE}.Release|Any CPU.Build.0 = Release|Any CPU
	EndGlobalSection
	GlobalSection(SolutionProperties) = preSolution
		HideSolutionNode = FALSE
	EndGlobalSection
	GlobalSection(ExtensibilityGlobals) = postSolution
		SolutionGuid = {F5880DF8-3DBA-49A3-8282-10EA94F0C144}
	EndGlobalSection
EndGlobal
